<?xml version="1.0" encoding="utf-8"?>
<Project ToolsVersion="4.0" xmlns="http://schemas.microsoft.com/developer/msbuild/2003">
  <ItemGroup>
    <Filter Include="Source Files">
      <UniqueIdentifier>{4FC737F1-C7A5-4376-A066-2A32D752A2FF}</UniqueIdentifier>
      <Extensions>cpp;c;cc;cxx;def;odl;idl;hpj;bat;asm;asmx</Extensions>
    </Filter>
    <Filter Include="Header Files">
      <UniqueIdentifier>{93995380-89BD-4b04-88EB-625FBE52EBFB}</UniqueIdentifier>
      <Extensions>h;hh;hpp;hxx;hm;inl;inc;xsd</Extensions>
    </Filter>
    <Filter Include="Resource Files">
      <UniqueIdentifier>{67DA6AB6-F800-4c08-8B7A-83BB121AAD01}</UniqueIdentifier>
      <Extensions>rc;ico;cur;bmp;dlg;rc2;rct;bin;rgs;gif;jpg;jpeg;jpe;resx;tiff;tif;png;wav;mfcribbon-ms</Extensions>
    </Filter>
    <Filter Include="Source Files\Lexical Analyzer">
      <UniqueIdentifier>{a5645b82-0418-4d70-a9b6-c96c91144d12}</UniqueIdentifier>
    </Filter>
    <Filter Include="Source Files\Parser">
      <UniqueIdentifier>{0bc6d24e-66c1-4a8a-95f6-449c4892f550}</UniqueIdentifier>
    </Filter>
    <Filter Include="Source Files\I/O">
      <UniqueIdentifier>{86e0eafe-4d5b-4e16-bdb1-3fff1356cb46}</UniqueIdentifier>
    </Filter>
    <Filter Include="Source Files\Error Handler">
      <UniqueIdentifier>{11549d30-f754-42ee-bc6b-3dcbbd0ab5fa}</UniqueIdentifier>
    </Filter>
    <Filter Include="Source Files\logger">
      <UniqueIdentifier>{260fc320-d7be-4de6-803d-01bdf063d6b2}</UniqueIdentifier>
    </Filter>
    <Filter Include="Source Files\logs">
      <UniqueIdentifier>{ef64ae75-534c-4b23-9106-40218af167b0}</UniqueIdentifier>
    </Filter>
    <Filter Include="Source Files\Symbol Table">
      <UniqueIdentifier>{7e420974-b1a0-4fad-b4e3-fa49a063d515}</UniqueIdentifier>
    </Filter>
    <Filter Include="Source Files\Tools">
      <UniqueIdentifier>{084973da-9cb3-425b-a6f4-229f38b2bbc0}</UniqueIdentifier>
    </Filter>
    <Filter Include="Source Files\I/O\input">
      <UniqueIdentifier>{97c22513-d26d-4791-840d-74d7923f7fe4}</UniqueIdentifier>
    </Filter>
  </ItemGroup>
  <ItemGroup>
    <None Include="sample inputs\example1.cs">
      <Filter>Source Files\I/O</Filter>
    </None>
    <None Include="sample inputs\example2.cs">
      <Filter>Source Files\I/O</Filter>
    </None>
    <None Include="sample inputs\example3.cs">
      <Filter>Source Files\I/O</Filter>
    </None>
    <None Include="sample inputs\example4.cs">
      <Filter>Source Files\I/O</Filter>
    </None>
    <None Include="sample inputs\example5.cs">
      <Filter>Source Files\I/O</Filter>
    </None>
    <None Include="sample inputs\example6.cs">
      <Filter>Source Files\I/O</Filter>
    </None>
    <None Include="sample inputs\example8.cs">
      <Filter>Source Files\I/O</Filter>
    </None>
    <None Include="sample inputs\example9.cs">
      <Filter>Source Files\I/O</Filter>
    </None>
    <None Include="sample inputs\example10.cs">
      <Filter>Source Files\I/O</Filter>
    </None>
    <None Include="sample inputs\example11.cs">
      <Filter>Source Files\I/O</Filter>
    </None>
    <None Include="sample inputs\example12.cs">
      <Filter>Source Files\I/O</Filter>
    </None>
    <None Include="sample inputs\example13.cs">
      <Filter>Source Files\I/O</Filter>
    </None>
    <None Include="sample inputs\example14.cs">
      <Filter>Source Files\I/O</Filter>
    </None>
    <None Include="sample inputs\example15.cs">
      <Filter>Source Files\I/O</Filter>
    </None>
    <None Include="sample inputs\example7.cs">
      <Filter>Source Files\I/O</Filter>
    </None>
    <None Include="sample inputs\example16.cs">
      <Filter>Source Files\I/O</Filter>
    </None>
    <None Include="sample inputs\input\example1.cs">
      <Filter>Source Files\I/O\input</Filter>
    </None>
    <None Include="sample inputs\input\example2.cs">
      <Filter>Source Files\I/O\input</Filter>
    </None>
    <None Include="Parser\yacc.output">
      <Filter>Source Files\Parser</Filter>
    </None>
  </ItemGroup>
  <ItemGroup>
    <ClCompile Include="main.cpp">
      <Filter>Source Files</Filter>
    </ClCompile>
    <ClCompile Include="Lexical Analyzer\lex.flex.cpp">
      <Filter>Source Files\Lexical Analyzer</Filter>
    </ClCompile>
    <ClCompile Include="logger\Logger.cpp">
      <Filter>Source Files\logger</Filter>
    </ClCompile>
    <ClCompile Include="Symbol Table\symbol_parser.cpp">
      <Filter>Source Files\Symbol Table</Filter>
    </ClCompile>
    <ClCompile Include="Symbol Table\Class.cpp">
      <Filter>Source Files\Symbol Table</Filter>
    </ClCompile>
    <ClCompile Include="Symbol Table\Namespace.cpp">
      <Filter>Source Files\Symbol Table</Filter>
    </ClCompile>
    <ClCompile Include="Symbol Table\Symbol.cpp">
      <Filter>Source Files\Symbol Table</Filter>
    </ClCompile>
    <ClCompile Include="Symbol Table\symbolTable.cpp">
      <Filter>Source Files\Symbol Table</Filter>
    </ClCompile>
    <ClCompile Include="Symbol Table\Interface.cpp">
      <Filter>Source Files\Symbol Table</Filter>
    </ClCompile>
    <ClCompile Include="Symbol Table\class_tree.cpp">
      <Filter>Source Files\Symbol Table</Filter>
    </ClCompile>
    <ClCompile Include="Symbol Table\Attribute.cpp">
      <Filter>Source Files\Symbol Table</Filter>
    </ClCompile>
    <ClCompile Include="Symbol Table\LocalVariable.cpp">
      <Filter>Source Files\Symbol Table</Filter>
    </ClCompile>
    <ClCompile Include="Symbol Table\Field.cpp">
      <Filter>Source Files\Symbol Table</Filter>
    </ClCompile>
    <ClCompile Include="Symbol Table\Method.cpp">
      <Filter>Source Files\Symbol Table</Filter>
    </ClCompile>
    <ClCompile Include="Parser\yacc.tab.cpp">
      <Filter>Source Files\Parser</Filter>
    </ClCompile>
  </ItemGroup>
  <ItemGroup>
    <ClInclude Include="Error Handler\error_handler.h">
      <Filter>Source Files\Error Handler</Filter>
    </ClInclude>
    <ClInclude Include="Error Handler\error_record.h">
      <Filter>Source Files\Error Handler</Filter>
    </ClInclude>
    <ClInclude Include="logger\Logger.h">
      <Filter>Source Files\logger</Filter>
    </ClInclude>
    <ClInclude Include="Symbol Table\symbol_parser.h">
      <Filter>Source Files\Symbol Table</Filter>
    </ClInclude>
    <ClInclude Include="Symbol Table\Class.h">
      <Filter>Source Files\Symbol Table</Filter>
    </ClInclude>
    <ClInclude Include="Symbol Table\Attribute.h">
      <Filter>Source Files\Symbol Table</Filter>
    </ClInclude>
    <ClInclude Include="Symbol Table\Namespace.h">
      <Filter>Source Files\Symbol Table</Filter>
    </ClInclude>
    <ClInclude Include="Symbol Table\Symbol.h">
      <Filter>Source Files\Symbol Table</Filter>
    </ClInclude>
    <ClInclude Include="Symbol Table\symbolTable.h">
      <Filter>Source Files\Symbol Table</Filter>
    </ClInclude>
    <ClInclude Include="Symbol Table\Interface.h">
      <Filter>Source Files\Symbol Table</Filter>
    </ClInclude>
    <ClInclude Include="Symbol Table\class_tree.h">
      <Filter>Source Files\Symbol Table</Filter>
    </ClInclude>
    <ClInclude Include="Field.h">
      <Filter>Header Files</Filter>
    </ClInclude>
    <ClInclude Include="LocalVariable.h">
      <Filter>Header Files</Filter>
    </ClInclude>
    <ClInclude Include="Symbol Table\LocalVariable.h">
      <Filter>Source Files\Symbol Table</Filter>
    </ClInclude>
    <ClInclude Include="Symbol Table\Field.h">
      <Filter>Source Files\Symbol Table</Filter>
    </ClInclude>
    <ClInclude Include="Method.h">
      <Filter>Header Files</Filter>
    </ClInclude>
    <ClInclude Include="Symbol Table\Method.h">
      <Filter>Source Files\Symbol Table</Filter>
    </ClInclude>
    <ClInclude Include="tools\dirent.h">
      <Filter>Source Files\Tools</Filter>
    </ClInclude>
    <ClInclude Include="Parser\yacc.tab.h">
      <Filter>Source Files\Parser</Filter>
    </ClInclude>
  </ItemGroup>
  <ItemGroup>
    <Bison Include="Parser\yacc.y" />
  </ItemGroup>
  <ItemGroup>
    <Flex Include="Lexical Analyzer\lex.l" />
  </ItemGroup>
  <ItemGroup>
    <Text Include="error.log">
      <Filter>Source Files\logs</Filter>
    </Text>
    <Text Include="Lex.log">
      <Filter>Source Files\logs</Filter>
    </Text>
    <Text Include="parser.log">
      <Filter>Source Files\logs</Filter>
    </Text>
  </ItemGroup>
</Project>