<?xml version="1.0" encoding="utf-8"?>
<Project ToolsVersion="4.0" xmlns="http://schemas.microsoft.com/developer/msbuild/2003">
  <ItemGroup>
    <Filter Include="Source Files">
      <UniqueIdentifier>{4FC737F1-C7A5-4376-A066-2A32D752A2FF}</UniqueIdentifier>
      <Extensions>cpp;c;cc;cxx;def;odl;idl;hpj;bat;asm;asmx</Extensions>
    </Filter>
    <Filter Include="Header Files">
      <UniqueIdentifier>{93995380-89BD-4b04-88EB-625FBE52EBFB}</UniqueIdentifier>
      <Extensions>h;hh;hpp;hxx;hm;inl;inc;xsd</Extensions>
    </Filter>
    <Filter Include="Resource Files">
      <UniqueIdentifier>{67DA6AB6-F800-4c08-8B7A-83BB121AAD01}</UniqueIdentifier>
      <Extensions>rc;ico;cur;bmp;dlg;rc2;rct;bin;rgs;gif;jpg;jpeg;jpe;resx;tiff;tif;png;wav;mfcribbon-ms</Extensions>
    </Filter>
    <Filter Include="Source Files\Lexical Analyzer">
      <UniqueIdentifier>{a5645b82-0418-4d70-a9b6-c96c91144d12}</UniqueIdentifier>
    </Filter>
    <Filter Include="Source Files\Parser">
      <UniqueIdentifier>{0bc6d24e-66c1-4a8a-95f6-449c4892f550}</UniqueIdentifier>
    </Filter>
    <Filter Include="Source Files\I/O">
      <UniqueIdentifier>{86e0eafe-4d5b-4e16-bdb1-3fff1356cb46}</UniqueIdentifier>
    </Filter>
    <Filter Include="Source Files\Error Handler">
      <UniqueIdentifier>{11549d30-f754-42ee-bc6b-3dcbbd0ab5fa}</UniqueIdentifier>
    </Filter>
    <Filter Include="Source Files\logger">
      <UniqueIdentifier>{260fc320-d7be-4de6-803d-01bdf063d6b2}</UniqueIdentifier>
    </Filter>
    <Filter Include="Source Files\logs">
      <UniqueIdentifier>{ef64ae75-534c-4b23-9106-40218af167b0}</UniqueIdentifier>
    </Filter>
    <Filter Include="Source Files\Symbol Table">
      <UniqueIdentifier>{7e420974-b1a0-4fad-b4e3-fa49a063d515}</UniqueIdentifier>
    </Filter>
    <Filter Include="Source Files\I/O\input">
      <UniqueIdentifier>{97c22513-d26d-4791-840d-74d7923f7fe4}</UniqueIdentifier>
    </Filter>
    <Filter Include="Source Files\AST">
      <UniqueIdentifier>{bda033a2-6384-4750-9703-6f5671a4fe6d}</UniqueIdentifier>
    </Filter>
    <Filter Include="Source Files\AST\Expression">
      <UniqueIdentifier>{b8bbd724-cf55-49cf-af43-cdba50b43dfd}</UniqueIdentifier>
    </Filter>
    <Filter Include="Source Files\AST\Object">
      <UniqueIdentifier>{0a868830-21fb-42eb-a711-e50b65998b92}</UniqueIdentifier>
    </Filter>
    <Filter Include="Source Files\AST\Statement">
      <UniqueIdentifier>{3ea7819b-308c-4890-aac9-3192336b2782}</UniqueIdentifier>
    </Filter>
    <Filter Include="Source Files\logs\Tools">
      <UniqueIdentifier>{084973da-9cb3-425b-a6f4-229f38b2bbc0}</UniqueIdentifier>
    </Filter>
    <Filter Include="Source Files\Type Checker">
      <UniqueIdentifier>{1a50f97d-c84b-4c76-a273-a34176033751}</UniqueIdentifier>
    </Filter>
    <Filter Include="Source Files\Type Checker\complex">
      <UniqueIdentifier>{58d4daf1-f84f-49dd-bf39-6aeacbd91b62}</UniqueIdentifier>
    </Filter>
    <Filter Include="Source Files\Type Checker\simple">
      <UniqueIdentifier>{a6b82da4-df85-45ee-8f42-e3423d635555}</UniqueIdentifier>
    </Filter>
  </ItemGroup>
  <ItemGroup>
    <None Include="sample inputs\input\example1.cs">
      <Filter>Source Files\I/O\input</Filter>
    </None>
    <None Include="sample inputs\input\example2.cs">
      <Filter>Source Files\I/O\input</Filter>
    </None>
  </ItemGroup>
  <ItemGroup>
    <ClCompile Include="Lexical Analyzer\lex.flex.cpp">
      <Filter>Source Files\Lexical Analyzer</Filter>
    </ClCompile>
    <ClCompile Include="logger\Logger.cpp">
      <Filter>Source Files\logger</Filter>
    </ClCompile>
    <ClCompile Include="Symbol Table\symbol_parser.cpp">
      <Filter>Source Files\Symbol Table</Filter>
    </ClCompile>
    <ClCompile Include="Symbol Table\Class.cpp">
      <Filter>Source Files\Symbol Table</Filter>
    </ClCompile>
    <ClCompile Include="Symbol Table\Namespace.cpp">
      <Filter>Source Files\Symbol Table</Filter>
    </ClCompile>
    <ClCompile Include="Symbol Table\Symbol.cpp">
      <Filter>Source Files\Symbol Table</Filter>
    </ClCompile>
    <ClCompile Include="Symbol Table\symbolTable.cpp">
      <Filter>Source Files\Symbol Table</Filter>
    </ClCompile>
    <ClCompile Include="Symbol Table\Interface.cpp">
      <Filter>Source Files\Symbol Table</Filter>
    </ClCompile>
    <ClCompile Include="Symbol Table\class_tree.cpp">
      <Filter>Source Files\Symbol Table</Filter>
    </ClCompile>
    <ClCompile Include="Symbol Table\Attribute.cpp">
      <Filter>Source Files\Symbol Table</Filter>
    </ClCompile>
    <ClCompile Include="Symbol Table\LocalVariable.cpp">
      <Filter>Source Files\Symbol Table</Filter>
    </ClCompile>
    <ClCompile Include="Symbol Table\Field.cpp">
      <Filter>Source Files\Symbol Table</Filter>
    </ClCompile>
    <ClCompile Include="Symbol Table\Method.cpp">
      <Filter>Source Files\Symbol Table</Filter>
    </ClCompile>
    <ClCompile Include="AST\Node.cpp">
      <Filter>Source Files\AST</Filter>
    </ClCompile>
    <ClCompile Include="AST\Expression\Identifier.cpp">
      <Filter>Source Files\AST\Expression</Filter>
    </ClCompile>
    <ClCompile Include="AST\Expression\Expression.cpp">
      <Filter>Source Files\AST\Expression</Filter>
    </ClCompile>
    <ClCompile Include="AST\Expression\BinaryExpression.cpp">
      <Filter>Source Files\AST\Expression</Filter>
    </ClCompile>
    <ClCompile Include="AST\Object\Object.cpp">
      <Filter>Source Files\AST\Object</Filter>
    </ClCompile>
    <ClCompile Include="AST\Expression\UnaryExpression.cpp">
      <Filter>Source Files\AST\Expression</Filter>
    </ClCompile>
    <ClCompile Include="main.cpp" />
    <ClCompile Include="AST\Object\Variable.cpp">
      <Filter>Source Files\AST\Object</Filter>
    </ClCompile>
    <ClCompile Include="AST\Object\Procedure.cpp">
      <Filter>Source Files\AST\Object</Filter>
    </ClCompile>
    <ClCompile Include="AST\Statement\Statement.cpp">
      <Filter>Source Files\AST\Statement</Filter>
    </ClCompile>
    <ClCompile Include="AST\Statement\While.cpp">
      <Filter>Source Files\AST\Statement</Filter>
    </ClCompile>
    <ClCompile Include="AST\Statement\If.cpp">
      <Filter>Source Files\AST\Statement</Filter>
    </ClCompile>
    <ClCompile Include="AST\Statement\Call.cpp">
      <Filter>Source Files\AST\Statement</Filter>
    </ClCompile>
    <ClCompile Include="AST\Statement\Block.cpp">
      <Filter>Source Files\AST\Statement</Filter>
    </ClCompile>
    <ClCompile Include="AST\Expression\AutoConst.cpp">
      <Filter>Source Files\AST\Expression</Filter>
    </ClCompile>
    <ClCompile Include="AST\Statement\Assignment.cpp">
      <Filter>Source Files\AST\Statement</Filter>
    </ClCompile>
    <ClCompile Include="AST\Statement\DoWhile.cpp">
      <Filter>Source Files\AST\Statement</Filter>
    </ClCompile>
    <ClCompile Include="AST\Statement\For.cpp">
      <Filter>Source Files\AST\Statement</Filter>
    </ClCompile>
    <ClCompile Include="AST\Statement\Foreach.cpp">
      <Filter>Source Files\AST\Statement</Filter>
    </ClCompile>
    <ClCompile Include="AST\Object\ArrayInitializer.cpp">
      <Filter>Source Files\AST\Object</Filter>
    </ClCompile>
    <ClCompile Include="Type Checker\TypeBoolean.cpp">
      <Filter>Source Files\Type Checker\simple</Filter>
    </ClCompile>
    <ClCompile Include="Type Checker\TypeError.cpp">
      <Filter>Source Files\Type Checker\simple</Filter>
    </ClCompile>
    <ClCompile Include="Type Checker\TypeFloat.cpp">
      <Filter>Source Files\Type Checker\simple</Filter>
    </ClCompile>
    <ClCompile Include="Type Checker\TypeInteger.cpp">
      <Filter>Source Files\Type Checker\simple</Filter>
    </ClCompile>
    <ClCompile Include="Type Checker\TypeString.cpp">
      <Filter>Source Files\Type Checker\simple</Filter>
    </ClCompile>
    <ClCompile Include="Type Checker\TypeVoid.cpp">
      <Filter>Source Files\Type Checker\simple</Filter>
    </ClCompile>
    <ClCompile Include="Type Checker\TypeExpression.cpp">
      <Filter>Source Files\Type Checker</Filter>
    </ClCompile>
    <ClCompile Include="Type Checker\TypeArray.cpp">
      <Filter>Source Files\Type Checker\complex</Filter>
    </ClCompile>
    <ClCompile Include="Type Checker\TypeClass.cpp">
      <Filter>Source Files\Type Checker\complex</Filter>
    </ClCompile>
    <ClCompile Include="Type Checker\TypeFunction.cpp">
      <Filter>Source Files\Type Checker\complex</Filter>
    </ClCompile>
    <ClCompile Include="Type Checker\TypeCheckingHelper.cpp">
      <Filter>Source Files\Type Checker</Filter>
    </ClCompile>
    <ClCompile Include="Parser\yacc.tab.cpp">
      <Filter>Source Files\Parser</Filter>
    </ClCompile>
  </ItemGroup>
  <ItemGroup>
    <ClInclude Include="Error Handler\error_handler.h">
      <Filter>Source Files\Error Handler</Filter>
    </ClInclude>
    <ClInclude Include="Error Handler\error_record.h">
      <Filter>Source Files\Error Handler</Filter>
    </ClInclude>
    <ClInclude Include="logger\Logger.h">
      <Filter>Source Files\logger</Filter>
    </ClInclude>
    <ClInclude Include="Symbol Table\symbol_parser.h">
      <Filter>Source Files\Symbol Table</Filter>
    </ClInclude>
    <ClInclude Include="Symbol Table\Class.h">
      <Filter>Source Files\Symbol Table</Filter>
    </ClInclude>
    <ClInclude Include="Symbol Table\Attribute.h">
      <Filter>Source Files\Symbol Table</Filter>
    </ClInclude>
    <ClInclude Include="Symbol Table\Namespace.h">
      <Filter>Source Files\Symbol Table</Filter>
    </ClInclude>
    <ClInclude Include="Symbol Table\Symbol.h">
      <Filter>Source Files\Symbol Table</Filter>
    </ClInclude>
    <ClInclude Include="Symbol Table\symbolTable.h">
      <Filter>Source Files\Symbol Table</Filter>
    </ClInclude>
    <ClInclude Include="Symbol Table\Interface.h">
      <Filter>Source Files\Symbol Table</Filter>
    </ClInclude>
    <ClInclude Include="Symbol Table\class_tree.h">
      <Filter>Source Files\Symbol Table</Filter>
    </ClInclude>
    <ClInclude Include="Field.h">
      <Filter>Header Files</Filter>
    </ClInclude>
    <ClInclude Include="LocalVariable.h">
      <Filter>Header Files</Filter>
    </ClInclude>
    <ClInclude Include="Symbol Table\LocalVariable.h">
      <Filter>Source Files\Symbol Table</Filter>
    </ClInclude>
    <ClInclude Include="Symbol Table\Field.h">
      <Filter>Source Files\Symbol Table</Filter>
    </ClInclude>
    <ClInclude Include="Method.h">
      <Filter>Header Files</Filter>
    </ClInclude>
    <ClInclude Include="Symbol Table\Method.h">
      <Filter>Source Files\Symbol Table</Filter>
    </ClInclude>
    <ClInclude Include="tools\dirent.h">
      <Filter>Source Files\logs\Tools</Filter>
    </ClInclude>
    <ClInclude Include="tools\tools.h">
      <Filter>Source Files\logs\Tools</Filter>
    </ClInclude>
    <ClInclude Include="AST\Node.h">
      <Filter>Source Files\AST</Filter>
    </ClInclude>
    <ClInclude Include="AST\Expression\Identifier.h">
      <Filter>Source Files\AST\Expression</Filter>
    </ClInclude>
    <ClInclude Include="AST\Expression\Expression.h">
      <Filter>Source Files\AST\Expression</Filter>
    </ClInclude>
    <ClInclude Include="AST\Expression\BinaryExpression.h">
      <Filter>Source Files\AST\Expression</Filter>
    </ClInclude>
    <ClInclude Include="AST\Object\Object.h">
      <Filter>Source Files\AST\Object</Filter>
    </ClInclude>
    <ClInclude Include="AST\Expression\UnaryExpression.h">
      <Filter>Source Files\AST\Expression</Filter>
    </ClInclude>
    <ClInclude Include="AST\Object\Variable.h">
      <Filter>Source Files\AST\Object</Filter>
    </ClInclude>
    <ClInclude Include="AST\Object\Procedure.h">
      <Filter>Source Files\AST\Object</Filter>
    </ClInclude>
    <ClInclude Include="AST\Statement\Statement.h">
      <Filter>Source Files\AST\Statement</Filter>
    </ClInclude>
    <ClInclude Include="AST\Statement\While.h">
      <Filter>Source Files\AST\Statement</Filter>
    </ClInclude>
    <ClInclude Include="AST\Statement\If.h">
      <Filter>Source Files\AST\Statement</Filter>
    </ClInclude>
    <ClInclude Include="AST\Statement\Call.h">
      <Filter>Source Files\AST\Statement</Filter>
    </ClInclude>
    <ClInclude Include="AST\Statement\Block.h">
      <Filter>Source Files\AST\Statement</Filter>
    </ClInclude>
    <ClInclude Include="AST\Expression\AutoConst.h">
      <Filter>Source Files\AST\Expression</Filter>
    </ClInclude>
    <ClInclude Include="AST\Statement\Assignment.h">
      <Filter>Source Files\AST\Statement</Filter>
    </ClInclude>
    <ClInclude Include="AST\Statement\DoWhile.h">
      <Filter>Source Files\AST\Statement</Filter>
    </ClInclude>
    <ClInclude Include="AST\Statement\For.h">
      <Filter>Source Files\AST\Statement</Filter>
    </ClInclude>
    <ClInclude Include="AST\Statement\Foreach.h">
      <Filter>Source Files\AST\Statement</Filter>
    </ClInclude>
    <ClInclude Include="AST\Object\ArrayInitializer.h">
      <Filter>Source Files\AST\Object</Filter>
    </ClInclude>
    <ClInclude Include="Type Checker\TypeBoolean.h">
      <Filter>Source Files\Type Checker\simple</Filter>
    </ClInclude>
    <ClInclude Include="Type Checker\TypeError.h">
      <Filter>Source Files\Type Checker\simple</Filter>
    </ClInclude>
    <ClInclude Include="Type Checker\TypeFloat.h">
      <Filter>Source Files\Type Checker\simple</Filter>
    </ClInclude>
    <ClInclude Include="Type Checker\TypeInteger.h">
      <Filter>Source Files\Type Checker\simple</Filter>
    </ClInclude>
    <ClInclude Include="Type Checker\TypeString.h">
      <Filter>Source Files\Type Checker\simple</Filter>
    </ClInclude>
    <ClInclude Include="Type Checker\TypeVoid.h">
      <Filter>Source Files\Type Checker\simple</Filter>
    </ClInclude>
    <ClInclude Include="Type Checker\TypeExpression.h">
      <Filter>Source Files\Type Checker</Filter>
    </ClInclude>
    <ClInclude Include="Type Checker\TypeArray.h">
      <Filter>Source Files\Type Checker\complex</Filter>
    </ClInclude>
    <ClInclude Include="Type Checker\TypeClass.h">
      <Filter>Source Files\Type Checker\complex</Filter>
    </ClInclude>
    <ClInclude Include="Type Checker\TypeFunction.h">
      <Filter>Source Files\Type Checker\complex</Filter>
    </ClInclude>
    <ClInclude Include="Type Checker\all.h">
      <Filter>Source Files\Type Checker</Filter>
    </ClInclude>
    <ClInclude Include="Type Checker\TypeCheckingHelper.h">
      <Filter>Source Files\Type Checker</Filter>
    </ClInclude>
    <ClInclude Include="Parser\yacc.tab.h">
      <Filter>Source Files\Parser</Filter>
    </ClInclude>
  </ItemGroup>
  <ItemGroup>
    <Bison Include="Parser\yacc.y" />
  </ItemGroup>
  <ItemGroup>
    <Flex Include="Lexical Analyzer\lex.l" />
  </ItemGroup>
  <ItemGroup>
    <Text Include="logs\error.log">
      <Filter>Source Files\logs</Filter>
    </Text>
    <Text Include="logs\Lex.log">
      <Filter>Source Files\logs</Filter>
    </Text>
    <Text Include="logs\parser.log">
      <Filter>Source Files\logs</Filter>
    </Text>
  </ItemGroup>
</Project>